
Microsoft Visual Studio Solution File, Format Version 12.00
# Visual Studio Version 16
VisualStudioVersion = 16.0.30711.63
MinimumVisualStudioVersion = 10.0.40219.1
Project("{FAE04EC0-301F-11D3-BF4B-00C04F79EFBC}") = "MVCProject", "MVCProject\MVCProject.csproj", "{519D3097-E0B0-402C-A5B1-CD65870A405A}"
EndProject
Project("{FAE04EC0-301F-11D3-BF4B-00C04F79EFBC}") = "MVCProject.Tests", "MVCProject.Tests\MVCProject.Tests.csproj", "{BF36E0F5-02BD-43BA-8093-F41461E4A360}"
EndProject
Global
	GlobalSection(SolutionConfigurationPlatforms) = preSolution
		Debug|Any CPU = Debug|Any CPU
		Release|Any CPU = Release|Any CPU
	EndGlobalSection
	GlobalSection(ProjectConfigurationPlatforms) = postSolution
		{519D3097-E0B0-402C-A5B1-CD65870A405A}.Debug|Any CPU.ActiveCfg = Debug|Any CPU
		{519D3097-E0B0-402C-A5B1-CD65870A405A}.Debug|Any CPU.Build.0 = Debug|Any CPU
		{519D3097-E0B0-402C-A5B1-CD65870A405A}.Release|Any CPU.ActiveCfg = Release|Any CPU
		{519D3097-E0B0-402C-A5B1-CD65870A405A}.Release|Any CPU.Build.0 = Release|Any CPU
		{BF36E0F5-02BD-43BA-8093-F41461E4A360}.Debug|Any CPU.ActiveCfg = Debug|Any CPU
		{BF36E0F5-02BD-43BA-8093-F41461E4A360}.Debug|Any CPU.Build.0 = Debug|Any CPU
		{BF36E0F5-02BD-43BA-8093-F41461E4A360}.Release|Any CPU.ActiveCfg = Release|Any CPU
		{BF36E0F5-02BD-43BA-8093-F41461E4A360}.Release|Any CPU.Build.0 = Release|Any CPU
	EndGlobalSection
	GlobalSection(SolutionProperties) = preSolution
		HideSolutionNode = FALSE
	EndGlobalSection
	GlobalSection(ExtensibilityGlobals) = postSolution
		SolutionGuid = {739B8ED1-F00B-4638-A8EB-A96E42CC8C3D}
	EndGlobalSection
EndGlobal
